// !$*UTF8*$!
{
	archiveVersion = 1;
	classes = {
	};
	objectVersion = 50;
	objects = {

/* Begin PBXBuildFile section */
		5F2F51D221BAD55200C8ECD8 /* ParserTests.swift in Sources */ = {isa = PBXBuildFile; fileRef = 5F2F51D121BAD55200C8ECD8 /* ParserTests.swift */; };
		5F2F51E021BAD6FC00C8ECD8 /* PinBoardNetworkTests.swift in Sources */ = {isa = PBXBuildFile; fileRef = 5F2F51DF21BAD6FC00C8ECD8 /* PinBoardNetworkTests.swift */; };
		5F2F51E821BADE9400C8ECD8 /* ImageDataArray.json in Resources */ = {isa = PBXBuildFile; fileRef = 5F2F51E721BADE9400C8ECD8 /* ImageDataArray.json */; };
		5F2F51EA21BAE08000C8ECD8 /* ImageData.json in Resources */ = {isa = PBXBuildFile; fileRef = 5F2F51E921BAE08000C8ECD8 /* ImageData.json */; };
		5F4CC9FD21B3CAB7004F8840 /* AppDelegate.swift in Sources */ = {isa = PBXBuildFile; fileRef = 5F4CC9FC21B3CAB7004F8840 /* AppDelegate.swift */; };
		5F4CC9FF21B3CAB7004F8840 /* ViewController.swift in Sources */ = {isa = PBXBuildFile; fileRef = 5F4CC9FE21B3CAB7004F8840 /* ViewController.swift */; };
		5F4CCA0221B3CAB7004F8840 /* Main.storyboard in Resources */ = {isa = PBXBuildFile; fileRef = 5F4CCA0021B3CAB7004F8840 /* Main.storyboard */; };
		5F4CCA0421B3CAB9004F8840 /* Assets.xcassets in Resources */ = {isa = PBXBuildFile; fileRef = 5F4CCA0321B3CAB9004F8840 /* Assets.xcassets */; };
		5F4CCA0721B3CAB9004F8840 /* LaunchScreen.storyboard in Resources */ = {isa = PBXBuildFile; fileRef = 5F4CCA0521B3CAB9004F8840 /* LaunchScreen.storyboard */; };
		5F4DBA2521B96CCD00EF0EBE /* ImagePageLayout.swift in Sources */ = {isa = PBXBuildFile; fileRef = 5F4DBA2421B96CCD00EF0EBE /* ImagePageLayout.swift */; };
		5F4DBA2721B9849E00EF0EBE /* LoadIndicator.swift in Sources */ = {isa = PBXBuildFile; fileRef = 5F4DBA2621B9849E00EF0EBE /* LoadIndicator.swift */; };
		5F5654F221B6C0A50029E877 /* User.swift in Sources */ = {isa = PBXBuildFile; fileRef = 5F5654F121B6C0A50029E877 /* User.swift */; };
		5F5654F521B739760029E877 /* ImageURLs.swift in Sources */ = {isa = PBXBuildFile; fileRef = 5F5654F421B739760029E877 /* ImageURLs.swift */; };
		5F5654F721B7399A0029E877 /* ImageCategory.swift in Sources */ = {isa = PBXBuildFile; fileRef = 5F5654F621B7399A0029E877 /* ImageCategory.swift */; };
		5F5654F921B739BA0029E877 /* ProfileImageURLs.swift in Sources */ = {isa = PBXBuildFile; fileRef = 5F5654F821B739BA0029E877 /* ProfileImageURLs.swift */; };
		5F5654FB21B739EC0029E877 /* Links.swift in Sources */ = {isa = PBXBuildFile; fileRef = 5F5654FA21B739EC0029E877 /* Links.swift */; };
		5F5654FD21B73A1E0029E877 /* ImageData.swift in Sources */ = {isa = PBXBuildFile; fileRef = 5F5654FC21B73A1E0029E877 /* ImageData.swift */; };
		5F56550621B73D5D0029E877 /* ImageCell.swift in Sources */ = {isa = PBXBuildFile; fileRef = 5F56550421B73D5D0029E877 /* ImageCell.swift */; };
		5F56550721B73D5D0029E877 /* ImageCell.xib in Resources */ = {isa = PBXBuildFile; fileRef = 5F56550521B73D5D0029E877 /* ImageCell.xib */; };
		5F56550A21B7402A0029E877 /* Downloader.framework in Frameworks */ = {isa = PBXBuildFile; fileRef = 5F56550921B7402A0029E877 /* Downloader.framework */; };
		5F56550B21B7402A0029E877 /* Downloader.framework in Embed Frameworks */ = {isa = PBXBuildFile; fileRef = 5F56550921B7402A0029E877 /* Downloader.framework */; settings = {ATTRIBUTES = (CodeSignOnCopy, RemoveHeadersOnCopy, ); }; };
/* End PBXBuildFile section */

/* Begin PBXContainerItemProxy section */
		5F2F51D421BAD55200C8ECD8 /* PBXContainerItemProxy */ = {
			isa = PBXContainerItemProxy;
			containerPortal = 5F4CC9F121B3CAB7004F8840 /* Project object */;
			proxyType = 1;
			remoteGlobalIDString = 5F4CC9F821B3CAB7004F8840;
			remoteInfo = PinBoard;
		};
		5F2F51E221BAD6FC00C8ECD8 /* PBXContainerItemProxy */ = {
			isa = PBXContainerItemProxy;
			containerPortal = 5F4CC9F121B3CAB7004F8840 /* Project object */;
			proxyType = 1;
			remoteGlobalIDString = 5F4CC9F821B3CAB7004F8840;
			remoteInfo = PinBoard;
		};
/* End PBXContainerItemProxy section */

/* Begin PBXCopyFilesBuildPhase section */
		5F56550C21B7402A0029E877 /* Embed Frameworks */ = {
			isa = PBXCopyFilesBuildPhase;
			buildActionMask = 2147483647;
			dstPath = "";
			dstSubfolderSpec = 10;
			files = (
				5F56550B21B7402A0029E877 /* Downloader.framework in Embed Frameworks */,
			);
			name = "Embed Frameworks";
			runOnlyForDeploymentPostprocessing = 0;
		};
/* End PBXCopyFilesBuildPhase section */

/* Begin PBXFileReference section */
		5F2F51CF21BAD55200C8ECD8 /* PinBoardTests.xctest */ = {isa = PBXFileReference; explicitFileType = wrapper.cfbundle; includeInIndex = 0; path = PinBoardTests.xctest; sourceTree = BUILT_PRODUCTS_DIR; };
		5F2F51D121BAD55200C8ECD8 /* ParserTests.swift */ = {isa = PBXFileReference; lastKnownFileType = sourcecode.swift; path = ParserTests.swift; sourceTree = "<group>"; };
		5F2F51D321BAD55200C8ECD8 /* Info.plist */ = {isa = PBXFileReference; lastKnownFileType = text.plist.xml; path = Info.plist; sourceTree = "<group>"; };
		5F2F51DD21BAD6FC00C8ECD8 /* PinBoardNetworkTests.xctest */ = {isa = PBXFileReference; explicitFileType = wrapper.cfbundle; includeInIndex = 0; path = PinBoardNetworkTests.xctest; sourceTree = BUILT_PRODUCTS_DIR; };
		5F2F51DF21BAD6FC00C8ECD8 /* PinBoardNetworkTests.swift */ = {isa = PBXFileReference; lastKnownFileType = sourcecode.swift; path = PinBoardNetworkTests.swift; sourceTree = "<group>"; };
		5F2F51E121BAD6FC00C8ECD8 /* Info.plist */ = {isa = PBXFileReference; lastKnownFileType = text.plist.xml; path = Info.plist; sourceTree = "<group>"; };
		5F2F51E721BADE9400C8ECD8 /* ImageDataArray.json */ = {isa = PBXFileReference; lastKnownFileType = text.json; path = ImageDataArray.json; sourceTree = "<group>"; };
		5F2F51E921BAE08000C8ECD8 /* ImageData.json */ = {isa = PBXFileReference; lastKnownFileType = text.json; path = ImageData.json; sourceTree = "<group>"; };
		5F4CC9F921B3CAB7004F8840 /* PinBoard.app */ = {isa = PBXFileReference; explicitFileType = wrapper.application; includeInIndex = 0; path = PinBoard.app; sourceTree = BUILT_PRODUCTS_DIR; };
		5F4CC9FC21B3CAB7004F8840 /* AppDelegate.swift */ = {isa = PBXFileReference; lastKnownFileType = sourcecode.swift; path = AppDelegate.swift; sourceTree = "<group>"; };
		5F4CC9FE21B3CAB7004F8840 /* ViewController.swift */ = {isa = PBXFileReference; lastKnownFileType = sourcecode.swift; path = ViewController.swift; sourceTree = "<group>"; };
		5F4CCA0121B3CAB7004F8840 /* Base */ = {isa = PBXFileReference; lastKnownFileType = file.storyboard; name = Base; path = Base.lproj/Main.storyboard; sourceTree = "<group>"; };
		5F4CCA0321B3CAB9004F8840 /* Assets.xcassets */ = {isa = PBXFileReference; lastKnownFileType = folder.assetcatalog; path = Assets.xcassets; sourceTree = "<group>"; };
		5F4CCA0621B3CAB9004F8840 /* Base */ = {isa = PBXFileReference; lastKnownFileType = file.storyboard; name = Base; path = Base.lproj/LaunchScreen.storyboard; sourceTree = "<group>"; };
		5F4CCA0821B3CAB9004F8840 /* Info.plist */ = {isa = PBXFileReference; lastKnownFileType = text.plist.xml; path = Info.plist; sourceTree = "<group>"; };
		5F4DBA2421B96CCD00EF0EBE /* ImagePageLayout.swift */ = {isa = PBXFileReference; lastKnownFileType = sourcecode.swift; path = ImagePageLayout.swift; sourceTree = "<group>"; };
		5F4DBA2621B9849E00EF0EBE /* LoadIndicator.swift */ = {isa = PBXFileReference; lastKnownFileType = sourcecode.swift; path = LoadIndicator.swift; sourceTree = "<group>"; };
		5F5654F121B6C0A50029E877 /* User.swift */ = {isa = PBXFileReference; lastKnownFileType = sourcecode.swift; path = User.swift; sourceTree = "<group>"; };
		5F5654F421B739760029E877 /* ImageURLs.swift */ = {isa = PBXFileReference; lastKnownFileType = sourcecode.swift; path = ImageURLs.swift; sourceTree = "<group>"; };
		5F5654F621B7399A0029E877 /* ImageCategory.swift */ = {isa = PBXFileReference; lastKnownFileType = sourcecode.swift; path = ImageCategory.swift; sourceTree = "<group>"; };
		5F5654F821B739BA0029E877 /* ProfileImageURLs.swift */ = {isa = PBXFileReference; lastKnownFileType = sourcecode.swift; path = ProfileImageURLs.swift; sourceTree = "<group>"; };
		5F5654FA21B739EC0029E877 /* Links.swift */ = {isa = PBXFileReference; lastKnownFileType = sourcecode.swift; path = Links.swift; sourceTree = "<group>"; };
		5F5654FC21B73A1E0029E877 /* ImageData.swift */ = {isa = PBXFileReference; lastKnownFileType = sourcecode.swift; path = ImageData.swift; sourceTree = "<group>"; };
		5F56550421B73D5D0029E877 /* ImageCell.swift */ = {isa = PBXFileReference; lastKnownFileType = sourcecode.swift; path = ImageCell.swift; sourceTree = "<group>"; };
		5F56550521B73D5D0029E877 /* ImageCell.xib */ = {isa = PBXFileReference; lastKnownFileType = file.xib; path = ImageCell.xib; sourceTree = "<group>"; };
		5F56550921B7402A0029E877 /* Downloader.framework */ = {isa = PBXFileReference; explicitFileType = wrapper.framework; path = Downloader.framework; sourceTree = BUILT_PRODUCTS_DIR; };
		5F5ED4C221B3D57300BD7184 /* instructions.rtf */ = {isa = PBXFileReference; lastKnownFileType = text.rtf; name = instructions.rtf; path = ../instructions.rtf; sourceTree = "<group>"; };
/* End PBXFileReference section */

/* Begin PBXFrameworksBuildPhase section */
		5F2F51CC21BAD55200C8ECD8 /* Frameworks */ = {
			isa = PBXFrameworksBuildPhase;
			buildActionMask = 2147483647;
			files = (
			);
			runOnlyForDeploymentPostprocessing = 0;
		};
		5F2F51DA21BAD6FC00C8ECD8 /* Frameworks */ = {
			isa = PBXFrameworksBuildPhase;
			buildActionMask = 2147483647;
			files = (
			);
			runOnlyForDeploymentPostprocessing = 0;
		};
		5F4CC9F621B3CAB7004F8840 /* Frameworks */ = {
			isa = PBXFrameworksBuildPhase;
			buildActionMask = 2147483647;
			files = (
				5F56550A21B7402A0029E877 /* Downloader.framework in Frameworks */,
			);
			runOnlyForDeploymentPostprocessing = 0;
		};
/* End PBXFrameworksBuildPhase section */

/* Begin PBXGroup section */
		5F2F51D021BAD55200C8ECD8 /* PinBoardTests */ = {
			isa = PBXGroup;
			children = (
				5F2F51D121BAD55200C8ECD8 /* ParserTests.swift */,
				5F2F51D321BAD55200C8ECD8 /* Info.plist */,
				5F2F51E721BADE9400C8ECD8 /* ImageDataArray.json */,
				5F2F51E921BAE08000C8ECD8 /* ImageData.json */,
			);
			path = PinBoardTests;
			sourceTree = "<group>";
		};
		5F2F51DE21BAD6FC00C8ECD8 /* PinBoardNetworkTests */ = {
			isa = PBXGroup;
			children = (
				5F2F51DF21BAD6FC00C8ECD8 /* PinBoardNetworkTests.swift */,
				5F2F51E121BAD6FC00C8ECD8 /* Info.plist */,
			);
			path = PinBoardNetworkTests;
			sourceTree = "<group>";
		};
		5F4CC9F021B3CAB7004F8840 = {
			isa = PBXGroup;
			children = (
				5F56550921B7402A0029E877 /* Downloader.framework */,
				5F4CC9FB21B3CAB7004F8840 /* PinBoard */,
				5F2F51D021BAD55200C8ECD8 /* PinBoardTests */,
				5F2F51DE21BAD6FC00C8ECD8 /* PinBoardNetworkTests */,
				5F4CC9FA21B3CAB7004F8840 /* Products */,
				5F5ED4C221B3D57300BD7184 /* instructions.rtf */,
			);
			sourceTree = "<group>";
		};
		5F4CC9FA21B3CAB7004F8840 /* Products */ = {
			isa = PBXGroup;
			children = (
				5F4CC9F921B3CAB7004F8840 /* PinBoard.app */,
				5F2F51CF21BAD55200C8ECD8 /* PinBoardTests.xctest */,
				5F2F51DD21BAD6FC00C8ECD8 /* PinBoardNetworkTests.xctest */,
			);
			name = Products;
			sourceTree = "<group>";
		};
		5F4CC9FB21B3CAB7004F8840 /* PinBoard */ = {
			isa = PBXGroup;
			children = (
				5F56550821B73F6B0029E877 /* Views */,
				5F5654F321B6C0AB0029E877 /* Model */,
				5F4CC9FC21B3CAB7004F8840 /* AppDelegate.swift */,
				5F4CC9FE21B3CAB7004F8840 /* ViewController.swift */,
				5F4DBA2421B96CCD00EF0EBE /* ImagePageLayout.swift */,
				5F4CCA0021B3CAB7004F8840 /* Main.storyboard */,
				5F4CCA0321B3CAB9004F8840 /* Assets.xcassets */,
				5F4CCA0521B3CAB9004F8840 /* LaunchScreen.storyboard */,
				5F4CCA0821B3CAB9004F8840 /* Info.plist */,
			);
			path = PinBoard;
			sourceTree = "<group>";
		};
		5F5654F321B6C0AB0029E877 /* Model */ = {
			isa = PBXGroup;
			children = (
				5F5654F121B6C0A50029E877 /* User.swift */,
				5F5654FC21B73A1E0029E877 /* ImageData.swift */,
				5F5654FA21B739EC0029E877 /* Links.swift */,
				5F5654F821B739BA0029E877 /* ProfileImageURLs.swift */,
				5F5654F621B7399A0029E877 /* ImageCategory.swift */,
				5F5654F421B739760029E877 /* ImageURLs.swift */,
			);
			path = Model;
			sourceTree = "<group>";
		};
		5F56550821B73F6B0029E877 /* Views */ = {
			isa = PBXGroup;
			children = (
				5F56550421B73D5D0029E877 /* ImageCell.swift */,
				5F56550521B73D5D0029E877 /* ImageCell.xib */,
				5F4DBA2621B9849E00EF0EBE /* LoadIndicator.swift */,
			);
			path = Views;
			sourceTree = "<group>";
		};
/* End PBXGroup section */

/* Begin PBXNativeTarget section */
		5F2F51CE21BAD55200C8ECD8 /* PinBoardTests */ = {
			isa = PBXNativeTarget;
			buildConfigurationList = 5F2F51D821BAD55200C8ECD8 /* Build configuration list for PBXNativeTarget "PinBoardTests" */;
			buildPhases = (
				5F2F51CB21BAD55200C8ECD8 /* Sources */,
				5F2F51CC21BAD55200C8ECD8 /* Frameworks */,
				5F2F51CD21BAD55200C8ECD8 /* Resources */,
			);
			buildRules = (
			);
			dependencies = (
				5F2F51D521BAD55200C8ECD8 /* PBXTargetDependency */,
			);
			name = PinBoardTests;
			productName = PinBoardTests;
			productReference = 5F2F51CF21BAD55200C8ECD8 /* PinBoardTests.xctest */;
			productType = "com.apple.product-type.bundle.unit-test";
		};
		5F2F51DC21BAD6FC00C8ECD8 /* PinBoardNetworkTests */ = {
			isa = PBXNativeTarget;
			buildConfigurationList = 5F2F51E421BAD6FC00C8ECD8 /* Build configuration list for PBXNativeTarget "PinBoardNetworkTests" */;
			buildPhases = (
				5F2F51D921BAD6FC00C8ECD8 /* Sources */,
				5F2F51DA21BAD6FC00C8ECD8 /* Frameworks */,
				5F2F51DB21BAD6FC00C8ECD8 /* Resources */,
			);
			buildRules = (
			);
			dependencies = (
				5F2F51E321BAD6FC00C8ECD8 /* PBXTargetDependency */,
			);
			name = PinBoardNetworkTests;
			productName = PinBoardNetworkTests;
			productReference = 5F2F51DD21BAD6FC00C8ECD8 /* PinBoardNetworkTests.xctest */;
			productType = "com.apple.product-type.bundle.unit-test";
		};
		5F4CC9F821B3CAB7004F8840 /* PinBoard */ = {
			isa = PBXNativeTarget;
			buildConfigurationList = 5F4CCA0B21B3CAB9004F8840 /* Build configuration list for PBXNativeTarget "PinBoard" */;
			buildPhases = (
				5F4CC9F521B3CAB7004F8840 /* Sources */,
				5F4CC9F621B3CAB7004F8840 /* Frameworks */,
				5F4CC9F721B3CAB7004F8840 /* Resources */,
				5F56550C21B7402A0029E877 /* Embed Frameworks */,
			);
			buildRules = (
			);
			dependencies = (
			);
			name = PinBoard;
			productName = PinBoard;
			productReference = 5F4CC9F921B3CAB7004F8840 /* PinBoard.app */;
			productType = "com.apple.product-type.application";
		};
/* End PBXNativeTarget section */

/* Begin PBXProject section */
		5F4CC9F121B3CAB7004F8840 /* Project object */ = {
			isa = PBXProject;
			attributes = {
				LastSwiftUpdateCheck = 1010;
				LastUpgradeCheck = 1010;
				ORGANIZATIONNAME = echo;
				TargetAttributes = {
					5F2F51CE21BAD55200C8ECD8 = {
						CreatedOnToolsVersion = 10.1;
						TestTargetID = 5F4CC9F821B3CAB7004F8840;
					};
					5F2F51DC21BAD6FC00C8ECD8 = {
						CreatedOnToolsVersion = 10.1;
						TestTargetID = 5F4CC9F821B3CAB7004F8840;
					};
					5F4CC9F821B3CAB7004F8840 = {
						CreatedOnToolsVersion = 10.1;
					};
				};
			};
			buildConfigurationList = 5F4CC9F421B3CAB7004F8840 /* Build configuration list for PBXProject "PinBoard" */;
			compatibilityVersion = "Xcode 9.3";
			developmentRegion = en;
			hasScannedForEncodings = 0;
			knownRegions = (
				en,
				Base,
			);
			mainGroup = 5F4CC9F021B3CAB7004F8840;
			productRefGroup = 5F4CC9FA21B3CAB7004F8840 /* Products */;
			projectDirPath = "";
			projectRoot = "";
			targets = (
				5F4CC9F821B3CAB7004F8840 /* PinBoard */,
				5F2F51CE21BAD55200C8ECD8 /* PinBoardTests */,
				5F2F51DC21BAD6FC00C8ECD8 /* PinBoardNetworkTests */,
			);
		};
/* End PBXProject section */

/* Begin PBXResourcesBuildPhase section */
		5F2F51CD21BAD55200C8ECD8 /* Resources */ = {
			isa = PBXResourcesBuildPhase;
			buildActionMask = 2147483647;
			files = (
				5F2F51EA21BAE08000C8ECD8 /* ImageData.json in Resources */,
				5F2F51E821BADE9400C8ECD8 /* ImageDataArray.json in Resources */,
			);
			runOnlyForDeploymentPostprocessing = 0;
		};
		5F2F51DB21BAD6FC00C8ECD8 /* Resources */ = {
			isa = PBXResourcesBuildPhase;
			buildActionMask = 2147483647;
			files = (
			);
			runOnlyForDeploymentPostprocessing = 0;
		};
		5F4CC9F721B3CAB7004F8840 /* Resources */ = {
			isa = PBXResourcesBuildPhase;
			buildActionMask = 2147483647;
			files = (
				5F4CCA0721B3CAB9004F8840 /* LaunchScreen.storyboard in Resources */,
				5F4CCA0421B3CAB9004F8840 /* Assets.xcassets in Resources */,
				5F56550721B73D5D0029E877 /* ImageCell.xib in Resources */,
				5F4CCA0221B3CAB7004F8840 /* Main.storyboard in Resources */,
			);
			runOnlyForDeploymentPostprocessing = 0;
		};
/* End PBXResourcesBuildPhase section */

/* Begin PBXSourcesBuildPhase section */
		5F2F51CB21BAD55200C8ECD8 /* Sources */ = {
			isa = PBXSourcesBuildPhase;
			buildActionMask = 2147483647;
			files = (
				5F2F51D221BAD55200C8ECD8 /* ParserTests.swift in Sources */,
			);
			runOnlyForDeploymentPostprocessing = 0;
		};
		5F2F51D921BAD6FC00C8ECD8 /* Sources */ = {
			isa = PBXSourcesBuildPhase;
			buildActionMask = 2147483647;
			files = (
				5F2F51E021BAD6FC00C8ECD8 /* PinBoardNetworkTests.swift in Sources */,
			);
			runOnlyForDeploymentPostprocessing = 0;
		};
		5F4CC9F521B3CAB7004F8840 /* Sources */ = {
			isa = PBXSourcesBuildPhase;
			buildActionMask = 2147483647;
			files = (
				5F56550621B73D5D0029E877 /* ImageCell.swift in Sources */,
				5F4DBA2721B9849E00EF0EBE /* LoadIndicator.swift in Sources */,
				5F4CC9FF21B3CAB7004F8840 /* ViewController.swift in Sources */,
				5F5654F921B739BA0029E877 /* ProfileImageURLs.swift in Sources */,
				5F5654FB21B739EC0029E877 /* Links.swift in Sources */,
				5F4DBA2521B96CCD00EF0EBE /* ImagePageLayout.swift in Sources */,
				5F4CC9FD21B3CAB7004F8840 /* AppDelegate.swift in Sources */,
				5F5654F221B6C0A50029E877 /* User.swift in Sources */,
				5F5654FD21B73A1E0029E877 /* ImageData.swift in Sources */,
				5F5654F721B7399A0029E877 /* ImageCategory.swift in Sources */,
				5F5654F521B739760029E877 /* ImageURLs.swift in Sources */,
			);
			runOnlyForDeploymentPostprocessing = 0;
		};
/* End PBXSourcesBuildPhase section */

/* Begin PBXTargetDependency section */
		5F2F51D521BAD55200C8ECD8 /* PBXTargetDependency */ = {
			isa = PBXTargetDependency;
			target = 5F4CC9F821B3CAB7004F8840 /* PinBoard */;
			targetProxy = 5F2F51D421BAD55200C8ECD8 /* PBXContainerItemProxy */;
		};
		5F2F51E321BAD6FC00C8ECD8 /* PBXTargetDependency */ = {
			isa = PBXTargetDependency;
			target = 5F4CC9F821B3CAB7004F8840 /* PinBoard */;
			targetProxy = 5F2F51E221BAD6FC00C8ECD8 /* PBXContainerItemProxy */;
		};
/* End PBXTargetDependency section */

/* Begin PBXVariantGroup section */
		5F4CCA0021B3CAB7004F8840 /* Main.storyboard */ = {
			isa = PBXVariantGroup;
			children = (
				5F4CCA0121B3CAB7004F8840 /* Base */,
			);
			name = Main.storyboard;
			sourceTree = "<group>";
		};
		5F4CCA0521B3CAB9004F8840 /* LaunchScreen.storyboard */ = {
			isa = PBXVariantGroup;
			children = (
				5F4CCA0621B3CAB9004F8840 /* Base */,
			);
			name = LaunchScreen.storyboard;
			sourceTree = "<group>";
		};
/* End PBXVariantGroup section */

/* Begin XCBuildConfiguration section */
		5F2F51D621BAD55200C8ECD8 /* Debug */ = {
			isa = XCBuildConfiguration;
			buildSettings = {
				BUNDLE_LOADER = "$(TEST_HOST)";
				CODE_SIGN_STYLE = Automatic;
				INFOPLIST_FILE = PinBoardTests/Info.plist;
				LD_RUNPATH_SEARCH_PATHS = (
					"$(inherited)",
					"@executable_path/Frameworks",
					"@loader_path/Frameworks",
				);
				PRODUCT_BUNDLE_IDENTIFIER = echo.PinBoardTests;
				PRODUCT_NAME = "$(TARGET_NAME)";
				SWIFT_VERSION = 4.2;
				TARGETED_DEVICE_FAMILY = "1,2";
				TEST_HOST = "$(BUILT_PRODUCTS_DIR)/PinBoard.app/PinBoard";
			};
			name = Debug;
		};
		5F2F51D721BAD55200C8ECD8 /* Release */ = {
			isa = XCBuildConfiguration;
			buildSettings = {
				BUNDLE_LOADER = "$(TEST_HOST)";
				CODE_SIGN_STYLE = Automatic;
				INFOPLIST_FILE = PinBoardTests/Info.plist;
				LD_RUNPATH_SEARCH_PATHS = (
					"$(inherited)",
					"@executable_path/Frameworks",
					"@loader_path/Frameworks",
				);
				PRODUCT_BUNDLE_IDENTIFIER = echo.PinBoardTests;
				PRODUCT_NAME = "$(TARGET_NAME)";
				SWIFT_VERSION = 4.2;
				TARGETED_DEVICE_FAMILY = "1,2";
				TEST_HOST = "$(BUILT_PRODUCTS_DIR)/PinBoard.app/PinBoard";
			};
			name = Release;
		};
		5F2F51E521BAD6FC00C8ECD8 /* Debug */ = {
			isa = XCBuildConfiguration;
			buildSettings = {
				BUNDLE_LOADER = "$(TEST_HOST)";
				CODE_SIGN_STYLE = Automatic;
				INFOPLIST_FILE = PinBoardNetworkTests/Info.plist;
				LD_RUNPATH_SEARCH_PATHS = (
					"$(inherited)",
					"@executable_path/Frameworks",
					"@loader_path/Frameworks",
				);
				PRODUCT_BUNDLE_IDENTIFIER = echo.PinBoardNetworkTests;
				PRODUCT_NAME = "$(TARGET_NAME)";
				SWIFT_VERSION = 4.2;
				TARGETED_DEVICE_FAMILY = "1,2";
				TEST_HOST = "$(BUILT_PRODUCTS_DIR)/PinBoard.app/PinBoard";
			};
			name = Debug;
		};
		5F2F51E621BAD6FC00C8ECD8 /* Release */ = {
			isa = XCBuildConfiguration;
			buildSettings = {
				BUNDLE_LOADER = "$(TEST_HOST)";
				CODE_SIGN_STYLE = Automatic;
				INFOPLIST_FILE = PinBoardNetworkTests/Info.plist;
				LD_RUNPATH_SEARCH_PATHS = (
					"$(inherited)",
					"@executable_path/Frameworks",
					"@loader_path/Frameworks",
				);
				PRODUCT_BUNDLE_IDENTIFIER = echo.PinBoardNetworkTests;
				PRODUCT_NAME = "$(TARGET_NAME)";
				SWIFT_VERSION = 4.2;
				TARGETED_DEVICE_FAMILY = "1,2";
				TEST_HOST = "$(BUILT_PRODUCTS_DIR)/PinBoard.app/PinBoard";
			};
			name = Release;
		};
		5F4CCA0921B3CAB9004F8840 /* Debug */ = {
			isa = XCBuildConfiguration;
			buildSettings = {
				ALWAYS_SEARCH_USER_PATHS = NO;
				CLANG_ANALYZER_NONNULL = YES;
				CLANG_ANALYZER_NUMBER_OBJECT_CONVERSION = YES_AGGRESSIVE;
				CLANG_CXX_LANGUAGE_STANDARD = "gnu++14";
				CLANG_CXX_LIBRARY = "libc++";
				CLANG_ENABLE_MODULES = YES;
				CLANG_ENABLE_OBJC_ARC = YES;
				CLANG_ENABLE_OBJC_WEAK = YES;
				CLANG_WARN_BLOCK_CAPTURE_AUTORELEASING = YES;
				CLANG_WARN_BOOL_CONVERSION = YES;
				CLANG_WARN_COMMA = YES;
				CLANG_WARN_CONSTANT_CONVERSION = YES;
				CLANG_WARN_DEPRECATED_OBJC_IMPLEMENTATIONS = YES;
				CLANG_WARN_DIRECT_OBJC_ISA_USAGE = YES_ERROR;
				CLANG_WARN_DOCUMENTATION_COMMENTS = YES;
				CLANG_WARN_EMPTY_BODY = YES;
				CLANG_WARN_ENUM_CONVERSION = YES;
				CLANG_WARN_INFINITE_RECURSION = YES;
				CLANG_WARN_INT_CONVERSION = YES;
				CLANG_WARN_NON_LITERAL_NULL_CONVERSION = YES;
				CLANG_WARN_OBJC_IMPLICIT_RETAIN_SELF = YES;
				CLANG_WARN_OBJC_LITERAL_CONVERSION = YES;
				CLANG_WARN_OBJC_ROOT_CLASS = YES_ERROR;
				CLANG_WARN_RANGE_LOOP_ANALYSIS = YES;
				CLANG_WARN_STRICT_PROTOTYPES = YES;
				CLANG_WARN_SUSPICIOUS_MOVE = YES;
				CLANG_WARN_UNGUARDED_AVAILABILITY = YES_AGGRESSIVE;
				CLANG_WARN_UNREACHABLE_CODE = YES;
				CLANG_WARN__DUPLICATE_METHOD_MATCH = YES;
				CODE_SIGN_IDENTITY = "iPhone Developer";
				COPY_PHASE_STRIP = NO;
				DEBUG_INFORMATION_FORMAT = dwarf;
				ENABLE_STRICT_OBJC_MSGSEND = YES;
				ENABLE_TESTABILITY = YES;
				GCC_C_LANGUAGE_STANDARD = gnu11;
				GCC_DYNAMIC_NO_PIC = NO;
				GCC_NO_COMMON_BLOCKS = YES;
				GCC_OPTIMIZATION_LEVEL = 0;
				GCC_PREPROCESSOR_DEFINITIONS = (
					"DEBUG=1",
					"$(inherited)",
				);
				GCC_WARN_64_TO_32_BIT_CONVERSION = YES;
				GCC_WARN_ABOUT_RETURN_TYPE = YES_ERROR;
				GCC_WARN_UNDECLARED_SELECTOR = YES;
				GCC_WARN_UNINITIALIZED_AUTOS = YES_AGGRESSIVE;
				GCC_WARN_UNUSED_FUNCTION = YES;
				GCC_WARN_UNUSED_VARIABLE = YES;
				IPHONEOS_DEPLOYMENT_TARGET = 12.1;
				MTL_ENABLE_DEBUG_INFO = INCLUDE_SOURCE;
				MTL_FAST_MATH = YES;
				ONLY_ACTIVE_ARCH = YES;
				SDKROOT = iphoneos;
				SWIFT_ACTIVE_COMPILATION_CONDITIONS = DEBUG;
				SWIFT_OPTIMIZATION_LEVEL = "-Onone";
			};
			name = Debug;
		};
		5F4CCA0A21B3CAB9004F8840 /* Release */ = {
			isa = XCBuildConfiguration;
			buildSettings = {
				ALWAYS_SEARCH_USER_PATHS = NO;
				CLANG_ANALYZER_NONNULL = YES;
				CLANG_ANALYZER_NUMBER_OBJECT_CONVERSION = YES_AGGRESSIVE;
				CLANG_CXX_LANGUAGE_STANDARD = "gnu++14";
				CLANG_CXX_LIBRARY = "libc++";
				CLANG_ENABLE_MODULES = YES;
				CLANG_ENABLE_OBJC_ARC = YES;
				CLANG_ENABLE_OBJC_WEAK = YES;
				CLANG_WARN_BLOCK_CAPTURE_AUTORELEASING = YES;
				CLANG_WARN_BOOL_CONVERSION = YES;
				CLANG_WARN_COMMA = YES;
				CLANG_WARN_CONSTANT_CONVERSION = YES;
				CLANG_WARN_DEPRECATED_OBJC_IMPLEMENTATIONS = YES;
				CLANG_WARN_DIRECT_OBJC_ISA_USAGE = YES_ERROR;
				CLANG_WARN_DOCUMENTATION_COMMENTS = YES;
				CLANG_WARN_EMPTY_BODY = YES;
				CLANG_WARN_ENUM_CONVERSION = YES;
				CLANG_WARN_INFINITE_RECURSION = YES;
				CLANG_WARN_INT_CONVERSION = YES;
				CLANG_WARN_NON_LITERAL_NULL_CONVERSION = YES;
				CLANG_WARN_OBJC_IMPLICIT_RETAIN_SELF = YES;
				CLANG_WARN_OBJC_LITERAL_CONVERSION = YES;
				CLANG_WARN_OBJC_ROOT_CLASS = YES_ERROR;
				CLANG_WARN_RANGE_LOOP_ANALYSIS = YES;
				CLANG_WARN_STRICT_PROTOTYPES = YES;
				CLANG_WARN_SUSPICIOUS_MOVE = YES;
				CLANG_WARN_UNGUARDED_AVAILABILITY = YES_AGGRESSIVE;
				CLANG_WARN_UNREACHABLE_CODE = YES;
				CLANG_WARN__DUPLICATE_METHOD_MATCH = YES;
				CODE_SIGN_IDENTITY = "iPhone Developer";
				COPY_PHASE_STRIP = NO;
				DEBUG_INFORMATION_FORMAT = "dwarf-with-dsym";
				ENABLE_NS_ASSERTIONS = NO;
				ENABLE_STRICT_OBJC_MSGSEND = YES;
				GCC_C_LANGUAGE_STANDARD = gnu11;
				GCC_NO_COMMON_BLOCKS = YES;
				GCC_WARN_64_TO_32_BIT_CONVERSION = YES;
				GCC_WARN_ABOUT_RETURN_TYPE = YES_ERROR;
				GCC_WARN_UNDECLARED_SELECTOR = YES;
				GCC_WARN_UNINITIALIZED_AUTOS = YES_AGGRESSIVE;
				GCC_WARN_UNUSED_FUNCTION = YES;
				GCC_WARN_UNUSED_VARIABLE = YES;
				IPHONEOS_DEPLOYMENT_TARGET = 12.1;
				MTL_ENABLE_DEBUG_INFO = NO;
				MTL_FAST_MATH = YES;
				SDKROOT = iphoneos;
				SWIFT_COMPILATION_MODE = wholemodule;
				SWIFT_OPTIMIZATION_LEVEL = "-O";
				VALIDATE_PRODUCT = YES;
			};
			name = Release;
		};
		5F4CCA0C21B3CAB9004F8840 /* Debug */ = {
			isa = XCBuildConfiguration;
			buildSettings = {
				ASSETCATALOG_COMPILER_APPICON_NAME = AppIcon;
				CODE_SIGN_STYLE = Automatic;
				INFOPLIST_FILE = PinBoard/Info.plist;
				IPHONEOS_DEPLOYMENT_TARGET = 10.0;
				LD_RUNPATH_SEARCH_PATHS = (
					"$(inherited)",
					"@executable_path/Frameworks",
				);
				PRODUCT_BUNDLE_IDENTIFIER = echo.PinBoard;
				PRODUCT_NAME = "$(TARGET_NAME)";
				SWIFT_VERSION = 4.2;
				TARGETED_DEVICE_FAMILY = "1,2";
			};
			name = Debug;
		};
		5F4CCA0D21B3CAB9004F8840 /* Release */ = {
			isa = XCBuildConfiguration;
			buildSettings = {
				ASSETCATALOG_COMPILER_APPICON_NAME = AppIcon;
				CODE_SIGN_STYLE = Automatic;
				INFOPLIST_FILE = PinBoard/Info.plist;
				IPHONEOS_DEPLOYMENT_TARGET = 10.0;
				LD_RUNPATH_SEARCH_PATHS = (
					"$(inherited)",
					"@executable_path/Frameworks",
				);
				PRODUCT_BUNDLE_IDENTIFIER = echo.PinBoard;
				PRODUCT_NAME = "$(TARGET_NAME)";
				SWIFT_VERSION = 4.2;
				TARGETED_DEVICE_FAMILY = "1,2";
			};
			name = Release;
		};
/* End XCBuildConfiguration section */

/* Begin XCConfigurationList section */
		5F2F51D821BAD55200C8ECD8 /* Build configuration list for PBXNativeTarget "PinBoardTests" */ = {
			isa = XCConfigurationList;
			buildConfigurations = (
				5F2F51D621BAD55200C8ECD8 /* Debug */,
				5F2F51D721BAD55200C8ECD8 /* Release */,
			);
			defaultConfigurationIsVisible = 0;
			defaultConfigurationName = Release;
		};
		5F2F51E421BAD6FC00C8ECD8 /* Build configuration list for PBXNativeTarget "PinBoardNetworkTests" */ = {
			isa = XCConfigurationList;
			buildConfigurations = (
				5F2F51E521BAD6FC00C8ECD8 /* Debug */,
				5F2F51E621BAD6FC00C8ECD8 /* Release */,
			);
			defaultConfigurationIsVisible = 0;
			defaultConfigurationName = Release;
		};
		5F4CC9F421B3CAB7004F8840 /* Build configuration list for PBXProject "PinBoard" */ = {
			isa = XCConfigurationList;
			buildConfigurations = (
				5F4CCA0921B3CAB9004F8840 /* Debug */,
				5F4CCA0A21B3CAB9004F8840 /* Release */,
			);
			defaultConfigurationIsVisible = 0;
			defaultConfigurationName = Release;
		};
		5F4CCA0B21B3CAB9004F8840 /* Build configuration list for PBXNativeTarget "PinBoard" */ = {
			isa = XCConfigurationList;
			buildConfigurations = (
				5F4CCA0C21B3CAB9004F8840 /* Debug */,
				5F4CCA0D21B3CAB9004F8840 /* Release */,
			);
			defaultConfigurationIsVisible = 0;
			defaultConfigurationName = Release;
		};
/* End XCConfigurationList section */
	};
	rootObject = 5F4CC9F121B3CAB7004F8840 /* Project object */;
}
